
Microsoft Visual Studio Solution File, Format Version 12.00
# Visual Studio Version 16
VisualStudioVersion = 16.0.28803.202
MinimumVisualStudioVersion = 10.0.40219.1
Project("{FAE04EC0-301F-11D3-BF4B-00C04F79EFBC}") = "XPServerModeViewDemo", "XPServerModeViewDemo\XPServerModeViewDemo.csproj", "{A5C3935B-80B1-4EDD-8DBC-5A0441FD947F}"
EndProject
Global
	GlobalSection(SolutionConfigurationPlatforms) = preSolution
		Debug|Any CPU = Debug|Any CPU
		Release|Any CPU = Release|Any CPU
	EndGlobalSection
	GlobalSection(ProjectConfigurationPlatforms) = postSolution
		{A5C3935B-80B1-4EDD-8DBC-5A0441FD947F}.Debug|Any CPU.ActiveCfg = Debug|Any CPU
		{A5C3935B-80B1-4EDD-8DBC-5A0441FD947F}.Debug|Any CPU.Build.0 = Debug|Any CPU
		{A5C3935B-80B1-4EDD-8DBC-5A0441FD947F}.Release|Any CPU.ActiveCfg = Release|Any CPU
		{A5C3935B-80B1-4EDD-8DBC-5A0441FD947F}.Release|Any CPU.Build.0 = Release|Any CPU
	EndGlobalSection
	GlobalSection(SolutionProperties) = preSolution
		HideSolutionNode = FALSE
	EndGlobalSection
	GlobalSection(ExtensibilityGlobals) = postSolution
		SolutionGuid = {43F079CE-6C5F-4B2D-915D-B0AAB2B2D283}
	EndGlobalSection
EndGlobal
